// !$*UTF8*$!
{
	archiveVersion = 1;
	classes = {
	};
	objectVersion = 50;
	objects = {

/* Begin PBXBuildFile section */
		575F9AA2220633DC0016E35E /* Show.swift in Sources */ = {isa = PBXBuildFile; fileRef = 575F9AA1220633DC0016E35E /* Show.swift */; };
		575F9AA522063BFD0016E35E /* APIResults.swift in Sources */ = {isa = PBXBuildFile; fileRef = 575F9AA422063BFD0016E35E /* APIResults.swift */; };
		575F9AA722063CB00016E35E /* VideoResults.swift in Sources */ = {isa = PBXBuildFile; fileRef = 575F9AA622063CB00016E35E /* VideoResults.swift */; };
		575F9AAA22063CF90016E35E /* API.swift in Sources */ = {isa = PBXBuildFile; fileRef = 575F9AA922063CF90016E35E /* API.swift */; };
		575F9AAC22063D060016E35E /* ShowApi.swift in Sources */ = {isa = PBXBuildFile; fileRef = 575F9AAB22063D060016E35E /* ShowApi.swift */; };
		575F9AAE22063D170016E35E /* MockApi.swift in Sources */ = {isa = PBXBuildFile; fileRef = 575F9AAD22063D170016E35E /* MockApi.swift */; };
		579E29F82206281E0016E3CC /* AppDelegate.swift in Sources */ = {isa = PBXBuildFile; fileRef = 579E29F72206281E0016E3CC /* AppDelegate.swift */; };
		579E29FD2206281E0016E3CC /* Main.storyboard in Resources */ = {isa = PBXBuildFile; fileRef = 579E29FB2206281E0016E3CC /* Main.storyboard */; };
		579E29FF2206281F0016E3CC /* Assets.xcassets in Resources */ = {isa = PBXBuildFile; fileRef = 579E29FE2206281F0016E3CC /* Assets.xcassets */; };
		579E2A022206281F0016E3CC /* LaunchScreen.storyboard in Resources */ = {isa = PBXBuildFile; fileRef = 579E2A002206281F0016E3CC /* LaunchScreen.storyboard */; };
		579E2A0B220629670016E3CC /* ShowsListViewController.swift in Sources */ = {isa = PBXBuildFile; fileRef = 579E2A0A220629670016E3CC /* ShowsListViewController.swift */; };
		D139723C1DE61824FC2A7D3B /* Pods_yama.framework in Frameworks */ = {isa = PBXBuildFile; fileRef = 4B91EAE945712CC4FED3A423 /* Pods_yama.framework */; };
/* End PBXBuildFile section */

/* Begin PBXFileReference section */
		23599D9F005C761AD6C270E4 /* Pods-yama.release.xcconfig */ = {isa = PBXFileReference; includeInIndex = 1; lastKnownFileType = text.xcconfig; name = "Pods-yama.release.xcconfig"; path = "Pods/Target Support Files/Pods-yama/Pods-yama.release.xcconfig"; sourceTree = "<group>"; };
		4B91EAE945712CC4FED3A423 /* Pods_yama.framework */ = {isa = PBXFileReference; explicitFileType = wrapper.framework; includeInIndex = 0; path = Pods_yama.framework; sourceTree = BUILT_PRODUCTS_DIR; };
		575F9A9E220633500016E35E /* Info.plist */ = {isa = PBXFileReference; fileEncoding = 4; lastKnownFileType = text.plist.xml; path = Info.plist; sourceTree = "<group>"; };
		575F9AA1220633DC0016E35E /* Show.swift */ = {isa = PBXFileReference; lastKnownFileType = sourcecode.swift; path = Show.swift; sourceTree = "<group>"; };
		575F9AA422063BFD0016E35E /* APIResults.swift */ = {isa = PBXFileReference; lastKnownFileType = sourcecode.swift; path = APIResults.swift; sourceTree = "<group>"; };
		575F9AA622063CB00016E35E /* VideoResults.swift */ = {isa = PBXFileReference; lastKnownFileType = sourcecode.swift; path = VideoResults.swift; sourceTree = "<group>"; };
		575F9AA922063CF90016E35E /* API.swift */ = {isa = PBXFileReference; lastKnownFileType = sourcecode.swift; path = API.swift; sourceTree = "<group>"; };
		575F9AAB22063D060016E35E /* ShowApi.swift */ = {isa = PBXFileReference; lastKnownFileType = sourcecode.swift; path = ShowApi.swift; sourceTree = "<group>"; };
		575F9AAD22063D170016E35E /* MockApi.swift */ = {isa = PBXFileReference; lastKnownFileType = sourcecode.swift; path = MockApi.swift; sourceTree = "<group>"; };
		579E29F42206281E0016E3CC /* yama.app */ = {isa = PBXFileReference; explicitFileType = wrapper.application; includeInIndex = 0; path = yama.app; sourceTree = BUILT_PRODUCTS_DIR; };
		579E29F72206281E0016E3CC /* AppDelegate.swift */ = {isa = PBXFileReference; lastKnownFileType = sourcecode.swift; path = AppDelegate.swift; sourceTree = "<group>"; };
		579E29FC2206281E0016E3CC /* Base */ = {isa = PBXFileReference; lastKnownFileType = file.storyboard; name = Base; path = Base.lproj/Main.storyboard; sourceTree = "<group>"; };
		579E29FE2206281F0016E3CC /* Assets.xcassets */ = {isa = PBXFileReference; lastKnownFileType = folder.assetcatalog; path = Assets.xcassets; sourceTree = "<group>"; };
		579E2A012206281F0016E3CC /* Base */ = {isa = PBXFileReference; lastKnownFileType = file.storyboard; name = Base; path = Base.lproj/LaunchScreen.storyboard; sourceTree = "<group>"; };
		579E2A0A220629670016E3CC /* ShowsListViewController.swift */ = {isa = PBXFileReference; fileEncoding = 4; lastKnownFileType = sourcecode.swift; path = ShowsListViewController.swift; sourceTree = "<group>"; };
		793369342D5995961F16DE69 /* Pods-yama.debug.xcconfig */ = {isa = PBXFileReference; includeInIndex = 1; lastKnownFileType = text.xcconfig; name = "Pods-yama.debug.xcconfig"; path = "Pods/Target Support Files/Pods-yama/Pods-yama.debug.xcconfig"; sourceTree = "<group>"; };
/* End PBXFileReference section */

/* Begin PBXFrameworksBuildPhase section */
		579E29F12206281E0016E3CC /* Frameworks */ = {
			isa = PBXFrameworksBuildPhase;
			buildActionMask = 2147483647;
			files = (
				D139723C1DE61824FC2A7D3B /* Pods_yama.framework in Frameworks */,
			);
			runOnlyForDeploymentPostprocessing = 0;
		};
/* End PBXFrameworksBuildPhase section */

/* Begin PBXGroup section */
		575F9A9D2206332B0016E35E /* Supporting */ = {
			isa = PBXGroup;
			children = (
				575F9A9E220633500016E35E /* Info.plist */,
			);
			path = Supporting;
			sourceTree = "<group>";
		};
		575F9AA02206336B0016E35E /* Resources */ = {
			isa = PBXGroup;
			children = (
				579E29FE2206281F0016E3CC /* Assets.xcassets */,
			);
			path = Resources;
			sourceTree = "<group>";
		};
		575F9AA822063CE20016E35E /* Models */ = {
			isa = PBXGroup;
			children = (
				575F9AA1220633DC0016E35E /* Show.swift */,
				575F9AA422063BFD0016E35E /* APIResults.swift */,
				575F9AA622063CB00016E35E /* VideoResults.swift */,
			);
			path = Models;
			sourceTree = "<group>";
		};
		575F9AAF220657CA0016E35E /* UI */ = {
			isa = PBXGroup;
			children = (
				579E2A09220629530016E3CC /* ShowListing */,
				579E29FB2206281E0016E3CC /* Main.storyboard */,
				579E2A002206281F0016E3CC /* LaunchScreen.storyboard */,
			);
			path = UI;
			sourceTree = "<group>";
		};
		579E29EB2206281E0016E3CC = {
			isa = PBXGroup;
			children = (
				579E29F62206281E0016E3CC /* yama */,
				579E29F52206281E0016E3CC /* Products */,
				6F7F6E15E97293601C93DD93 /* Pods */,
				6A3AAFBFB57D3EB7D918DF3C /* Frameworks */,
			);
			sourceTree = "<group>";
		};
		579E29F52206281E0016E3CC /* Products */ = {
			isa = PBXGroup;
			children = (
				579E29F42206281E0016E3CC /* yama.app */,
			);
			name = Products;
			sourceTree = "<group>";
		};
		579E29F62206281E0016E3CC /* yama */ = {
			isa = PBXGroup;
			children = (
				575F9AAF220657CA0016E35E /* UI */,
				575F9AA822063CE20016E35E /* Models */,
				575F9AA02206336B0016E35E /* Resources */,
				575F9A9D2206332B0016E35E /* Supporting */,
				579E2A0C22062E320016E3CC /* Networking */,
				579E29F72206281E0016E3CC /* AppDelegate.swift */,
			);
			path = yama;
			sourceTree = "<group>";
		};
		579E2A09220629530016E3CC /* ShowListing */ = {
			isa = PBXGroup;
			children = (
				579E2A0A220629670016E3CC /* ShowsListViewController.swift */,
			);
			path = ShowListing;
			sourceTree = "<group>";
		};
		579E2A0C22062E320016E3CC /* Networking */ = {
			isa = PBXGroup;
			children = (
				575F9AA922063CF90016E35E /* API.swift */,
				575F9AAB22063D060016E35E /* ShowApi.swift */,
				575F9AAD22063D170016E35E /* MockApi.swift */,
			);
			path = Networking;
			sourceTree = "<group>";
		};
		6A3AAFBFB57D3EB7D918DF3C /* Frameworks */ = {
			isa = PBXGroup;
			children = (
				4B91EAE945712CC4FED3A423 /* Pods_yama.framework */,
			);
			name = Frameworks;
			sourceTree = "<group>";
		};
		6F7F6E15E97293601C93DD93 /* Pods */ = {
			isa = PBXGroup;
			children = (
				793369342D5995961F16DE69 /* Pods-yama.debug.xcconfig */,
				23599D9F005C761AD6C270E4 /* Pods-yama.release.xcconfig */,
			);
			name = Pods;
			sourceTree = "<group>";
		};
/* End PBXGroup section */

/* Begin PBXNativeTarget section */
		579E29F32206281E0016E3CC /* yama */ = {
			isa = PBXNativeTarget;
			buildConfigurationList = 579E2A062206281F0016E3CC /* Build configuration list for PBXNativeTarget "yama" */;
			buildPhases = (
				6E81EC9D785C9398864ADA1A /* [CP] Check Pods Manifest.lock */,
				579E29F02206281E0016E3CC /* Sources */,
				579E29F12206281E0016E3CC /* Frameworks */,
				579E29F22206281E0016E3CC /* Resources */,
				09C0E9140FBAF9BDE891C8E8 /* [CP] Embed Pods Frameworks */,
			);
			buildRules = (
			);
			dependencies = (
			);
			name = yama;
			productName = yama;
			productReference = 579E29F42206281E0016E3CC /* yama.app */;
			productType = "com.apple.product-type.application";
		};
/* End PBXNativeTarget section */

/* Begin PBXProject section */
		579E29EC2206281E0016E3CC /* Project object */ = {
			isa = PBXProject;
			attributes = {
				LastSwiftUpdateCheck = 1010;
				LastUpgradeCheck = 1010;
				ORGANIZATIONNAME = "Alejandro Ravasio";
				TargetAttributes = {
					579E29F32206281E0016E3CC = {
						CreatedOnToolsVersion = 10.1;
					};
				};
			};
			buildConfigurationList = 579E29EF2206281E0016E3CC /* Build configuration list for PBXProject "yama" */;
			compatibilityVersion = "Xcode 9.3";
			developmentRegion = en;
			hasScannedForEncodings = 0;
			knownRegions = (
				en,
				Base,
			);
			mainGroup = 579E29EB2206281E0016E3CC;
			productRefGroup = 579E29F52206281E0016E3CC /* Products */;
			projectDirPath = "";
			projectRoot = "";
			targets = (
				579E29F32206281E0016E3CC /* yama */,
			);
		};
/* End PBXProject section */

/* Begin PBXResourcesBuildPhase section */
		579E29F22206281E0016E3CC /* Resources */ = {
			isa = PBXResourcesBuildPhase;
			buildActionMask = 2147483647;
			files = (
				579E2A022206281F0016E3CC /* LaunchScreen.storyboard in Resources */,
				579E29FF2206281F0016E3CC /* Assets.xcassets in Resources */,
				579E29FD2206281E0016E3CC /* Main.storyboard in Resources */,
			);
			runOnlyForDeploymentPostprocessing = 0;
		};
/* End PBXResourcesBuildPhase section */

/* Begin PBXShellScriptBuildPhase section */
		09C0E9140FBAF9BDE891C8E8 /* [CP] Embed Pods Frameworks */ = {
			isa = PBXShellScriptBuildPhase;
			buildActionMask = 2147483647;
			files = (
			);
			inputPaths = (
				"${SRCROOT}/Pods/Target Support Files/Pods-yama/Pods-yama-frameworks.sh",
				"${BUILT_PRODUCTS_DIR}/Alamofire/Alamofire.framework",
				"${BUILT_PRODUCTS_DIR}/Kingfisher/Kingfisher.framework",
				"${BUILT_PRODUCTS_DIR}/Moya/Moya.framework",
				"${BUILT_PRODUCTS_DIR}/Result/Result.framework",
			);
			name = "[CP] Embed Pods Frameworks";
			outputPaths = (
				"${TARGET_BUILD_DIR}/${FRAMEWORKS_FOLDER_PATH}/Alamofire.framework",
				"${TARGET_BUILD_DIR}/${FRAMEWORKS_FOLDER_PATH}/Kingfisher.framework",
				"${TARGET_BUILD_DIR}/${FRAMEWORKS_FOLDER_PATH}/Moya.framework",
				"${TARGET_BUILD_DIR}/${FRAMEWORKS_FOLDER_PATH}/Result.framework",
			);
			runOnlyForDeploymentPostprocessing = 0;
			shellPath = /bin/sh;
			shellScript = "\"${SRCROOT}/Pods/Target Support Files/Pods-yama/Pods-yama-frameworks.sh\"\n";
			showEnvVarsInLog = 0;
		};
		6E81EC9D785C9398864ADA1A /* [CP] Check Pods Manifest.lock */ = {
			isa = PBXShellScriptBuildPhase;
			buildActionMask = 2147483647;
			files = (
			);
			inputPaths = (
				"${PODS_PODFILE_DIR_PATH}/Podfile.lock",
				"${PODS_ROOT}/Manifest.lock",
			);
			name = "[CP] Check Pods Manifest.lock";
			outputPaths = (
				"$(DERIVED_FILE_DIR)/Pods-yama-checkManifestLockResult.txt",
			);
			runOnlyForDeploymentPostprocessing = 0;
			shellPath = /bin/sh;
			shellScript = "diff \"${PODS_PODFILE_DIR_PATH}/Podfile.lock\" \"${PODS_ROOT}/Manifest.lock\" > /dev/null\nif [ $? != 0 ] ; then\n    # print error to STDERR\n    echo \"error: The sandbox is not in sync with the Podfile.lock. Run 'pod install' or update your CocoaPods installation.\" >&2\n    exit 1\nfi\n# This output is used by Xcode 'outputs' to avoid re-running this script phase.\necho \"SUCCESS\" > \"${SCRIPT_OUTPUT_FILE_0}\"\n";
			showEnvVarsInLog = 0;
		};
/* End PBXShellScriptBuildPhase section */

/* Begin PBXSourcesBuildPhase section */
		579E29F02206281E0016E3CC /* Sources */ = {
			isa = PBXSourcesBuildPhase;
			buildActionMask = 2147483647;
			files = (
				579E29F82206281E0016E3CC /* AppDelegate.swift in Sources */,
				579E2A0B220629670016E3CC /* ShowsListViewController.swift in Sources */,
				575F9AA722063CB00016E35E /* VideoResults.swift in Sources */,
				575F9AA2220633DC0016E35E /* Show.swift in Sources */,
				575F9AAE22063D170016E35E /* MockApi.swift in Sources */,
				575F9AAA22063CF90016E35E /* API.swift in Sources */,
				575F9AA522063BFD0016E35E /* APIResults.swift in Sources */,
				575F9AAC22063D060016E35E /* ShowApi.swift in Sources */,
			);
			runOnlyForDeploymentPostprocessing = 0;
		};
/* End PBXSourcesBuildPhase section */

/* Begin PBXVariantGroup section */
		579E29FB2206281E0016E3CC /* Main.storyboard */ = {
			isa = PBXVariantGroup;
			children = (
				579E29FC2206281E0016E3CC /* Base */,
			);
			name = Main.storyboard;
			sourceTree = "<group>";
		};
		579E2A002206281F0016E3CC /* LaunchScreen.storyboard */ = {
			isa = PBXVariantGroup;
			children = (
				579E2A012206281F0016E3CC /* Base */,
			);
			name = LaunchScreen.storyboard;
			sourceTree = "<group>";
		};
/* End PBXVariantGroup section */

/* Begin XCBuildConfiguration section */
		579E2A042206281F0016E3CC /* Debug */ = {
			isa = XCBuildConfiguration;
			buildSettings = {
				ALWAYS_SEARCH_USER_PATHS = NO;
				CLANG_ANALYZER_NONNULL = YES;
				CLANG_ANALYZER_NUMBER_OBJECT_CONVERSION = YES_AGGRESSIVE;
				CLANG_CXX_LANGUAGE_STANDARD = "gnu++14";
				CLANG_CXX_LIBRARY = "libc++";
				CLANG_ENABLE_MODULES = YES;
				CLANG_ENABLE_OBJC_ARC = YES;
				CLANG_ENABLE_OBJC_WEAK = YES;
				CLANG_WARN_BLOCK_CAPTURE_AUTORELEASING = YES;
				CLANG_WARN_BOOL_CONVERSION = YES;
				CLANG_WARN_COMMA = YES;
				CLANG_WARN_CONSTANT_CONVERSION = YES;
				CLANG_WARN_DEPRECATED_OBJC_IMPLEMENTATIONS = YES;
				CLANG_WARN_DIRECT_OBJC_ISA_USAGE = YES_ERROR;
				CLANG_WARN_DOCUMENTATION_COMMENTS = YES;
				CLANG_WARN_EMPTY_BODY = YES;
				CLANG_WARN_ENUM_CONVERSION = YES;
				CLANG_WARN_INFINITE_RECURSION = YES;
				CLANG_WARN_INT_CONVERSION = YES;
				CLANG_WARN_NON_LITERAL_NULL_CONVERSION = YES;
				CLANG_WARN_OBJC_IMPLICIT_RETAIN_SELF = YES;
				CLANG_WARN_OBJC_LITERAL_CONVERSION = YES;
				CLANG_WARN_OBJC_ROOT_CLASS = YES_ERROR;
				CLANG_WARN_RANGE_LOOP_ANALYSIS = YES;
				CLANG_WARN_STRICT_PROTOTYPES = YES;
				CLANG_WARN_SUSPICIOUS_MOVE = YES;
				CLANG_WARN_UNGUARDED_AVAILABILITY = YES_AGGRESSIVE;
				CLANG_WARN_UNREACHABLE_CODE = YES;
				CLANG_WARN__DUPLICATE_METHOD_MATCH = YES;
				CODE_SIGN_IDENTITY = "iPhone Developer";
				COPY_PHASE_STRIP = NO;
				DEBUG_INFORMATION_FORMAT = dwarf;
				ENABLE_STRICT_OBJC_MSGSEND = YES;
				ENABLE_TESTABILITY = YES;
				GCC_C_LANGUAGE_STANDARD = gnu11;
				GCC_DYNAMIC_NO_PIC = NO;
				GCC_NO_COMMON_BLOCKS = YES;
				GCC_OPTIMIZATION_LEVEL = 0;
				GCC_PREPROCESSOR_DEFINITIONS = (
					"DEBUG=1",
					"$(inherited)",
				);
				GCC_WARN_64_TO_32_BIT_CONVERSION = YES;
				GCC_WARN_ABOUT_RETURN_TYPE = YES_ERROR;
				GCC_WARN_UNDECLARED_SELECTOR = YES;
				GCC_WARN_UNINITIALIZED_AUTOS = YES_AGGRESSIVE;
				GCC_WARN_UNUSED_FUNCTION = YES;
				GCC_WARN_UNUSED_VARIABLE = YES;
				IPHONEOS_DEPLOYMENT_TARGET = 12.1;
				MTL_ENABLE_DEBUG_INFO = INCLUDE_SOURCE;
				MTL_FAST_MATH = YES;
				ONLY_ACTIVE_ARCH = YES;
				SDKROOT = iphoneos;
				SWIFT_ACTIVE_COMPILATION_CONDITIONS = DEBUG;
				SWIFT_OPTIMIZATION_LEVEL = "-Onone";
			};
			name = Debug;
		};
		579E2A052206281F0016E3CC /* Release */ = {
			isa = XCBuildConfiguration;
			buildSettings = {
				ALWAYS_SEARCH_USER_PATHS = NO;
				CLANG_ANALYZER_NONNULL = YES;
				CLANG_ANALYZER_NUMBER_OBJECT_CONVERSION = YES_AGGRESSIVE;
				CLANG_CXX_LANGUAGE_STANDARD = "gnu++14";
				CLANG_CXX_LIBRARY = "libc++";
				CLANG_ENABLE_MODULES = YES;
				CLANG_ENABLE_OBJC_ARC = YES;
				CLANG_ENABLE_OBJC_WEAK = YES;
				CLANG_WARN_BLOCK_CAPTURE_AUTORELEASING = YES;
				CLANG_WARN_BOOL_CONVERSION = YES;
				CLANG_WARN_COMMA = YES;
				CLANG_WARN_CONSTANT_CONVERSION = YES;
				CLANG_WARN_DEPRECATED_OBJC_IMPLEMENTATIONS = YES;
				CLANG_WARN_DIRECT_OBJC_ISA_USAGE = YES_ERROR;
				CLANG_WARN_DOCUMENTATION_COMMENTS = YES;
				CLANG_WARN_EMPTY_BODY = YES;
				CLANG_WARN_ENUM_CONVERSION = YES;
				CLANG_WARN_INFINITE_RECURSION = YES;
				CLANG_WARN_INT_CONVERSION = YES;
				CLANG_WARN_NON_LITERAL_NULL_CONVERSION = YES;
				CLANG_WARN_OBJC_IMPLICIT_RETAIN_SELF = YES;
				CLANG_WARN_OBJC_LITERAL_CONVERSION = YES;
				CLANG_WARN_OBJC_ROOT_CLASS = YES_ERROR;
				CLANG_WARN_RANGE_LOOP_ANALYSIS = YES;
				CLANG_WARN_STRICT_PROTOTYPES = YES;
				CLANG_WARN_SUSPICIOUS_MOVE = YES;
				CLANG_WARN_UNGUARDED_AVAILABILITY = YES_AGGRESSIVE;
				CLANG_WARN_UNREACHABLE_CODE = YES;
				CLANG_WARN__DUPLICATE_METHOD_MATCH = YES;
				CODE_SIGN_IDENTITY = "iPhone Developer";
				COPY_PHASE_STRIP = NO;
				DEBUG_INFORMATION_FORMAT = "dwarf-with-dsym";
				ENABLE_NS_ASSERTIONS = NO;
				ENABLE_STRICT_OBJC_MSGSEND = YES;
				GCC_C_LANGUAGE_STANDARD = gnu11;
				GCC_NO_COMMON_BLOCKS = YES;
				GCC_WARN_64_TO_32_BIT_CONVERSION = YES;
				GCC_WARN_ABOUT_RETURN_TYPE = YES_ERROR;
				GCC_WARN_UNDECLARED_SELECTOR = YES;
				GCC_WARN_UNINITIALIZED_AUTOS = YES_AGGRESSIVE;
				GCC_WARN_UNUSED_FUNCTION = YES;
				GCC_WARN_UNUSED_VARIABLE = YES;
				IPHONEOS_DEPLOYMENT_TARGET = 12.1;
				MTL_ENABLE_DEBUG_INFO = NO;
				MTL_FAST_MATH = YES;
				SDKROOT = iphoneos;
				SWIFT_COMPILATION_MODE = wholemodule;
				SWIFT_OPTIMIZATION_LEVEL = "-O";
				VALIDATE_PRODUCT = YES;
			};
			name = Release;
		};
		579E2A072206281F0016E3CC /* Debug */ = {
			isa = XCBuildConfiguration;
			baseConfigurationReference = 793369342D5995961F16DE69 /* Pods-yama.debug.xcconfig */;
			buildSettings = {
				ASSETCATALOG_COMPILER_APPICON_NAME = AppIcon;
				CODE_SIGN_STYLE = Automatic;
				DEVELOPMENT_TEAM = B8V5WGN4V6;
				INFOPLIST_FILE = yama/Supporting/Info.plist;
				IPHONEOS_DEPLOYMENT_TARGET = 12.0;
				LD_RUNPATH_SEARCH_PATHS = (
					"$(inherited)",
					"@executable_path/Frameworks",
				);
				PRODUCT_BUNDLE_IDENTIFIER = com.aleravasio.yama;
				PRODUCT_NAME = "$(TARGET_NAME)";
				SWIFT_VERSION = 4.2;
				TARGETED_DEVICE_FAMILY = "1,2";
			};
			name = Debug;
		};
		579E2A082206281F0016E3CC /* Release */ = {
			isa = XCBuildConfiguration;
			baseConfigurationReference = 23599D9F005C761AD6C270E4 /* Pods-yama.release.xcconfig */;
			buildSettings = {
				ASSETCATALOG_COMPILER_APPICON_NAME = AppIcon;
				CODE_SIGN_STYLE = Automatic;
				DEVELOPMENT_TEAM = B8V5WGN4V6;
				INFOPLIST_FILE = yama/Supporting/Info.plist;
				IPHONEOS_DEPLOYMENT_TARGET = 12.0;
				LD_RUNPATH_SEARCH_PATHS = (
					"$(inherited)",
					"@executable_path/Frameworks",
				);
				PRODUCT_BUNDLE_IDENTIFIER = com.aleravasio.yama;
				PRODUCT_NAME = "$(TARGET_NAME)";
				SWIFT_VERSION = 4.2;
				TARGETED_DEVICE_FAMILY = "1,2";
			};
			name = Release;
		};
/* End XCBuildConfiguration section */

/* Begin XCConfigurationList section */
		579E29EF2206281E0016E3CC /* Build configuration list for PBXProject "yama" */ = {
			isa = XCConfigurationList;
			buildConfigurations = (
				579E2A042206281F0016E3CC /* Debug */,
				579E2A052206281F0016E3CC /* Release */,
			);
			defaultConfigurationIsVisible = 0;
			defaultConfigurationName = Release;
		};
		579E2A062206281F0016E3CC /* Build configuration list for PBXNativeTarget "yama" */ = {
			isa = XCConfigurationList;
			buildConfigurations = (
				579E2A072206281F0016E3CC /* Debug */,
				579E2A082206281F0016E3CC /* Release */,
			);
			defaultConfigurationIsVisible = 0;
			defaultConfigurationName = Release;
		};
/* End XCConfigurationList section */
	};
	rootObject = 579E29EC2206281E0016E3CC /* Project object */;
}
